{
  "name": "django-rijkshuisstijl",
  "version": "0.0.1",
  "lockfileVersion": 1,
  "requires": true,
  "dependencies": {
    "bem.js": {
      "version": "1.0.10",
      "resolved": "https://registry.npmjs.org/bem.js/-/bem.js-1.0.10.tgz",
      "integrity": "sha1-v1fdJNevkFONWmXNtqXg1imGIRM="
    },
    "microscope-sass": {
      "version": "0.0.1",
      "resolved": "https://registry.npmjs.org/microscope-sass/-/microscope-sass-0.0.1.tgz",
      "integrity": "sha512-TeFwB9Q5mX068vASXP9j102H7+PTS8iHLPtnivgY6RDN+5Kx+d3tumivsD6mQvA7/LIrsyFZsDcXpGuGXmaMCg=="
    },
    "urijs": {
      "version": "1.19.1",
      "resolved": "https://registry.npmjs.org/urijs/-/urijs-1.19.1.tgz",
      "integrity": "sha512-xVrGVi94ueCJNrBSTjWqjvtgvl3cyOTThp2zaMaFNGp3F542TR6sM3f2o8RqZl+AwteClSVmoCyt0ka4RjQOQg=="
    }
  }
}
